
Microsoft Visual Studio Solution File, Format Version 12.00
# Visual Studio 15
VisualStudioVersion = 15.0.28307.489
MinimumVisualStudioVersion = 10.0.40219.1
Project("{FAE04EC0-301F-11D3-BF4B-00C04F79EFBC}") = "Interaction", "ExtractParams\Interaction\Interaction.csproj", "{30113D54-5A99-4F48-9899-C57EC5A08FB2}"
EndProject
Project("{FAE04EC0-301F-11D3-BF4B-00C04F79EFBC}") = "DebugPluginLocally", "ExtractParams\DebugPluginLocally\DebugPluginLocally.csproj", "{7CABBB2B-3EC6-4F64-A9F7-74ABFFC0EE4A}"
EndProject
Project("{FAE04EC0-301F-11D3-BF4B-00C04F79EFBC}") = "ExtractParamsPlugin", "ExtractParams\ExtractParamsPlugin\ExtractParamsPlugin.csproj", "{9F959385-EBF1-4276-8328-095D4BC08EB3}"
EndProject
Global
	GlobalSection(SolutionConfigurationPlatforms) = preSolution
		Debug|Any CPU = Debug|Any CPU
		Release|Any CPU = Release|Any CPU
	EndGlobalSection
	GlobalSection(ProjectConfigurationPlatforms) = postSolution
		{30113D54-5A99-4F48-9899-C57EC5A08FB2}.Debug|Any CPU.ActiveCfg = Debug|Any CPU
		{30113D54-5A99-4F48-9899-C57EC5A08FB2}.Debug|Any CPU.Build.0 = Debug|Any CPU
		{30113D54-5A99-4F48-9899-C57EC5A08FB2}.Release|Any CPU.ActiveCfg = Release|Any CPU
		{30113D54-5A99-4F48-9899-C57EC5A08FB2}.Release|Any CPU.Build.0 = Release|Any CPU
		{7CABBB2B-3EC6-4F64-A9F7-74ABFFC0EE4A}.Debug|Any CPU.ActiveCfg = Debug|Any CPU
		{7CABBB2B-3EC6-4F64-A9F7-74ABFFC0EE4A}.Debug|Any CPU.Build.0 = Debug|Any CPU
		{7CABBB2B-3EC6-4F64-A9F7-74ABFFC0EE4A}.Release|Any CPU.ActiveCfg = Release|Any CPU
		{7CABBB2B-3EC6-4F64-A9F7-74ABFFC0EE4A}.Release|Any CPU.Build.0 = Release|Any CPU
		{9F959385-EBF1-4276-8328-095D4BC08EB3}.Debug|Any CPU.ActiveCfg = Debug|Any CPU
		{9F959385-EBF1-4276-8328-095D4BC08EB3}.Debug|Any CPU.Build.0 = Debug|Any CPU
		{9F959385-EBF1-4276-8328-095D4BC08EB3}.Release|Any CPU.ActiveCfg = Release|Any CPU
		{9F959385-EBF1-4276-8328-095D4BC08EB3}.Release|Any CPU.Build.0 = Release|Any CPU
	EndGlobalSection
	GlobalSection(SolutionProperties) = preSolution
		HideSolutionNode = FALSE
	EndGlobalSection
	GlobalSection(ExtensibilityGlobals) = postSolution
		SolutionGuid = {0228DCEB-8F60-4DFA-9C6D-F153BA46133E}
	EndGlobalSection
EndGlobal
